
Microsoft Visual Studio Solution File, Format Version 12.00
# Visual Studio Version 16
VisualStudioVersion = 16.0.31005.135
MinimumVisualStudioVersion = 10.0.40219.1
Project("{9A19103F-16F7-4668-BE54-9A1E7A4F7556}") = "IOT 1030 Asssignment 5 Sandeep Kaur", "IOT 1030 Asssignment 5 Sandeep Kaur.csproj", "{C73A790A-C859-4924-A6E6-F88A2BAA1B30}"
EndProject
Project("{FAE04EC0-301F-11D3-BF4B-00C04F79EFBC}") = "UnitTestProject1", "..\UnitTestProject1\UnitTestProject1.csproj", "{4509FD8F-5ACA-424B-B02C-1F92518E1219}"
EndProject
Global
	GlobalSection(SolutionConfigurationPlatforms) = preSolution
		Debug|Any CPU = Debug|Any CPU
		Release|Any CPU = Release|Any CPU
	EndGlobalSection
	GlobalSection(ProjectConfigurationPlatforms) = postSolution
		{C73A790A-C859-4924-A6E6-F88A2BAA1B30}.Debug|Any CPU.ActiveCfg = Debug|Any CPU
		{C73A790A-C859-4924-A6E6-F88A2BAA1B30}.Debug|Any CPU.Build.0 = Debug|Any CPU
		{C73A790A-C859-4924-A6E6-F88A2BAA1B30}.Release|Any CPU.ActiveCfg = Release|Any CPU
		{C73A790A-C859-4924-A6E6-F88A2BAA1B30}.Release|Any CPU.Build.0 = Release|Any CPU
		{4509FD8F-5ACA-424B-B02C-1F92518E1219}.Debug|Any CPU.ActiveCfg = Debug|Any CPU
		{4509FD8F-5ACA-424B-B02C-1F92518E1219}.Debug|Any CPU.Build.0 = Debug|Any CPU
		{4509FD8F-5ACA-424B-B02C-1F92518E1219}.Release|Any CPU.ActiveCfg = Release|Any CPU
		{4509FD8F-5ACA-424B-B02C-1F92518E1219}.Release|Any CPU.Build.0 = Release|Any CPU
	EndGlobalSection
	GlobalSection(SolutionProperties) = preSolution
		HideSolutionNode = FALSE
	EndGlobalSection
	GlobalSection(ExtensibilityGlobals) = postSolution
		SolutionGuid = {061E59CA-09D3-41D8-8668-D77927D86660}
	EndGlobalSection
EndGlobal
